
Microsoft Visual Studio Solution File, Format Version 12.00
# Visual Studio 2013
VisualStudioVersion = 12.0.30723.0
MinimumVisualStudioVersion = 10.0.40219.1
Project("{2150E333-8FDC-42A3-9474-1A3956D46DE8}") = "src", "src", "{2EB24C4A-1A2B-4FCB-B00F-9E2B775BCD8D}"
EndProject
Project("{2150E333-8FDC-42A3-9474-1A3956D46DE8}") = "WebApi", "WebApi", "{6AAA9D62-2437-4453-9DA5-C643434FBD8B}"
EndProject
Project("{2150E333-8FDC-42A3-9474-1A3956D46DE8}") = "Library", "Library", "{DBB48792-C4D8-44C3-B93E-F595912787FD}"
EndProject
Project("{2150E333-8FDC-42A3-9474-1A3956D46DE8}") = "Shared", "Shared", "{AAE38CF0-0B34-4307-A8E9-7C08DC255F1C}"
EndProject
Project("{FAE04EC0-301F-11D3-BF4B-00C04F79EFBC}") = "PdfConverter.WebApi", "src\WebApi\PdfConverter.WebApi\PdfConverter.WebApi.csproj", "{EBB44FBB-58B3-4179-90D8-31452018D7B5}"
EndProject
Project("{FAE04EC0-301F-11D3-BF4B-00C04F79EFBC}") = "PdfConverter.Library", "src\Library\PdfConverter.Library\PdfConverter.Library.csproj", "{D4870203-0F35-496F-B27A-5ADAFADD59EE}"
EndProject
Project("{FAE04EC0-301F-11D3-BF4B-00C04F79EFBC}") = "PdfConverter.DomainModel", "src\Shared\PdfConverter.DomainModel\PdfConverter.DomainModel.csproj", "{A9BF0223-77D4-4A88-B2EC-8A8820CC2A12}"
EndProject
Project("{FAE04EC0-301F-11D3-BF4B-00C04F79EFBC}") = "PdfConverter.DataAccess", "src\Shared\PdfConverter.DataAccess\PdfConverter.DataAccess.csproj", "{B709ABD0-15B5-437E-A120-E13197C82883}"
EndProject
Project("{2150E333-8FDC-42A3-9474-1A3956D46DE8}") = "Website", "Website", "{A80DD51B-CE86-4CC1-AACE-FCE27AFC0B37}"
EndProject
Project("{FAE04EC0-301F-11D3-BF4B-00C04F79EFBC}") = "PdfConverter.Website", "src\Website\PdfConverter.Website\PdfConverter.Website.csproj", "{A7EFAAE1-84B9-43CE-B87D-476D10F871CA}"
EndProject
Project("{2150E333-8FDC-42A3-9474-1A3956D46DE8}") = "tests", "tests", "{49669C79-9BFC-44D6-985D-77DA92A87538}"
EndProject
Project("{FAE04EC0-301F-11D3-BF4B-00C04F79EFBC}") = "PdfConverter.Tests", "tests\PdfConverter.Tests\PdfConverter.Tests.csproj", "{A941D8A0-7404-497E-8971-CECA028C9C7B}"
EndProject
Project("{2150E333-8FDC-42A3-9474-1A3956D46DE8}") = ".nuget", ".nuget", "{6D7D0832-B2B6-449D-94A0-6A80D09E2E2C}"
	ProjectSection(SolutionItems) = preProject
		.nuget\NuGet.Config = .nuget\NuGet.Config
		.nuget\NuGet.exe = .nuget\NuGet.exe
		.nuget\NuGet.targets = .nuget\NuGet.targets
	EndProjectSection
EndProject
Global
	GlobalSection(SolutionConfigurationPlatforms) = preSolution
		Debug|Any CPU = Debug|Any CPU
		Release|Any CPU = Release|Any CPU
	EndGlobalSection
	GlobalSection(ProjectConfigurationPlatforms) = postSolution
		{EBB44FBB-58B3-4179-90D8-31452018D7B5}.Debug|Any CPU.ActiveCfg = Debug|Any CPU
		{EBB44FBB-58B3-4179-90D8-31452018D7B5}.Debug|Any CPU.Build.0 = Debug|Any CPU
		{EBB44FBB-58B3-4179-90D8-31452018D7B5}.Release|Any CPU.ActiveCfg = Release|Any CPU
		{EBB44FBB-58B3-4179-90D8-31452018D7B5}.Release|Any CPU.Build.0 = Release|Any CPU
		{D4870203-0F35-496F-B27A-5ADAFADD59EE}.Debug|Any CPU.ActiveCfg = Debug|Any CPU
		{D4870203-0F35-496F-B27A-5ADAFADD59EE}.Debug|Any CPU.Build.0 = Debug|Any CPU
		{D4870203-0F35-496F-B27A-5ADAFADD59EE}.Release|Any CPU.ActiveCfg = Release|Any CPU
		{D4870203-0F35-496F-B27A-5ADAFADD59EE}.Release|Any CPU.Build.0 = Release|Any CPU
		{A9BF0223-77D4-4A88-B2EC-8A8820CC2A12}.Debug|Any CPU.ActiveCfg = Debug|Any CPU
		{A9BF0223-77D4-4A88-B2EC-8A8820CC2A12}.Debug|Any CPU.Build.0 = Debug|Any CPU
		{A9BF0223-77D4-4A88-B2EC-8A8820CC2A12}.Release|Any CPU.ActiveCfg = Release|Any CPU
		{A9BF0223-77D4-4A88-B2EC-8A8820CC2A12}.Release|Any CPU.Build.0 = Release|Any CPU
		{B709ABD0-15B5-437E-A120-E13197C82883}.Debug|Any CPU.ActiveCfg = Debug|Any CPU
		{B709ABD0-15B5-437E-A120-E13197C82883}.Debug|Any CPU.Build.0 = Debug|Any CPU
		{B709ABD0-15B5-437E-A120-E13197C82883}.Release|Any CPU.ActiveCfg = Release|Any CPU
		{B709ABD0-15B5-437E-A120-E13197C82883}.Release|Any CPU.Build.0 = Release|Any CPU
		{A7EFAAE1-84B9-43CE-B87D-476D10F871CA}.Debug|Any CPU.ActiveCfg = Debug|Any CPU
		{A7EFAAE1-84B9-43CE-B87D-476D10F871CA}.Debug|Any CPU.Build.0 = Debug|Any CPU
		{A7EFAAE1-84B9-43CE-B87D-476D10F871CA}.Release|Any CPU.ActiveCfg = Release|Any CPU
		{A7EFAAE1-84B9-43CE-B87D-476D10F871CA}.Release|Any CPU.Build.0 = Release|Any CPU
		{A941D8A0-7404-497E-8971-CECA028C9C7B}.Debug|Any CPU.ActiveCfg = Debug|Any CPU
		{A941D8A0-7404-497E-8971-CECA028C9C7B}.Debug|Any CPU.Build.0 = Debug|Any CPU
		{A941D8A0-7404-497E-8971-CECA028C9C7B}.Release|Any CPU.ActiveCfg = Release|Any CPU
		{A941D8A0-7404-497E-8971-CECA028C9C7B}.Release|Any CPU.Build.0 = Release|Any CPU
	EndGlobalSection
	GlobalSection(SolutionProperties) = preSolution
		HideSolutionNode = FALSE
	EndGlobalSection
	GlobalSection(NestedProjects) = preSolution
		{6AAA9D62-2437-4453-9DA5-C643434FBD8B} = {2EB24C4A-1A2B-4FCB-B00F-9E2B775BCD8D}
		{DBB48792-C4D8-44C3-B93E-F595912787FD} = {2EB24C4A-1A2B-4FCB-B00F-9E2B775BCD8D}
		{AAE38CF0-0B34-4307-A8E9-7C08DC255F1C} = {2EB24C4A-1A2B-4FCB-B00F-9E2B775BCD8D}
		{EBB44FBB-58B3-4179-90D8-31452018D7B5} = {6AAA9D62-2437-4453-9DA5-C643434FBD8B}
		{D4870203-0F35-496F-B27A-5ADAFADD59EE} = {DBB48792-C4D8-44C3-B93E-F595912787FD}
		{A9BF0223-77D4-4A88-B2EC-8A8820CC2A12} = {AAE38CF0-0B34-4307-A8E9-7C08DC255F1C}
		{B709ABD0-15B5-437E-A120-E13197C82883} = {AAE38CF0-0B34-4307-A8E9-7C08DC255F1C}
		{A80DD51B-CE86-4CC1-AACE-FCE27AFC0B37} = {2EB24C4A-1A2B-4FCB-B00F-9E2B775BCD8D}
		{A7EFAAE1-84B9-43CE-B87D-476D10F871CA} = {A80DD51B-CE86-4CC1-AACE-FCE27AFC0B37}
		{A941D8A0-7404-497E-8971-CECA028C9C7B} = {49669C79-9BFC-44D6-985D-77DA92A87538}
	EndGlobalSection
EndGlobal
